
Microsoft Visual Studio Solution File, Format Version 12.00
# Visual Studio 15
VisualStudioVersion = 15.0.26124.0
MinimumVisualStudioVersion = 15.0.26124.0
Project("{9A19103F-16F7-4668-BE54-9A1E7A4F7556}") = "R5T.D0026.Construction", "R5T.D0026.Construction\R5T.D0026.Construction.csproj", "{B1294B85-E9F1-486D-BF8D-C16281822FA4}"
EndProject
Project("{9A19103F-16F7-4668-BE54-9A1E7A4F7556}") = "R5T.D0026", "R5T.D0026\R5T.D0026.csproj", "{0DAE183D-9AEC-455F-8A92-6B702EB81521}"
EndProject
Project("{FAE04EC0-301F-11D3-BF4B-00C04F79EFBC}") = "R5T.D0026.Base", "R5T.D0026.Base\R5T.D0026.Base.csproj", "{821125E9-486C-49CF-8E9A-50D92C9D825B}"
EndProject
Project("{FAE04EC0-301F-11D3-BF4B-00C04F79EFBC}") = "R5T.D0026.Default", "R5T.D0026.Default\R5T.D0026.Default.csproj", "{3B6DFB80-50FF-4641-9F9C-58AADAB25C33}"
EndProject
Project("{2150E333-8FDC-42A3-9474-1A3956D46DE8}") = "_Dependencies", "_Dependencies", "{5E03A4AB-9C60-421B-9437-231D14F87814}"
EndProject
Project("{9A19103F-16F7-4668-BE54-9A1E7A4F7556}") = "R5T.Dacia.Extensions", "..\..\R5T.Dacia.Extensions\source\R5T.Dacia.Extensions\R5T.Dacia.Extensions.csproj", "{5627DCD8-0781-4462-AB6D-A82357E2D749}"
EndProject
Project("{9A19103F-16F7-4668-BE54-9A1E7A4F7556}") = "R5T.Dacia", "..\..\R5T.Dacia\source\R5T.Dacia\R5T.Dacia.csproj", "{BA3EBA4F-5926-4423-8791-06521E105882}"
EndProject
Project("{9A19103F-16F7-4668-BE54-9A1E7A4F7556}") = "R5T.D0025.Base", "..\..\R5T.D0025\source\R5T.D0025.Base\R5T.D0025.Base.csproj", "{274E564B-51AC-4561-9251-A43D48AFB79E}"
EndProject
Project("{9A19103F-16F7-4668-BE54-9A1E7A4F7556}") = "R5T.D0024.Base", "..\..\R5T.D0024\source\R5T.D0024.Base\R5T.D0024.Base.csproj", "{D0CCE076-03DB-4AC3-B3D1-D60D06F5EEDC}"
EndProject
Project("{FAE04EC0-301F-11D3-BF4B-00C04F79EFBC}") = "R5T.D0026.Standard", "R5T.D0026.Standard\R5T.D0026.Standard.csproj", "{22EA352F-EEBA-4E12-8846-057CB8B5DAFA}"
EndProject
Project("{9A19103F-16F7-4668-BE54-9A1E7A4F7556}") = "R5T.D0024.Default", "..\..\R5T.D0024\source\R5T.D0024.Default\R5T.D0024.Default.csproj", "{582D69FD-EF13-4F9B-BF5B-30938C970D91}"
EndProject
Project("{9A19103F-16F7-4668-BE54-9A1E7A4F7556}") = "R5T.D0024", "..\..\R5T.D0024\source\R5T.D0024\R5T.D0024.csproj", "{42DF8A91-C99C-41AB-B74A-9CBFC99A60DB}"
EndProject
Project("{9A19103F-16F7-4668-BE54-9A1E7A4F7556}") = "R5T.D0025.Default", "..\..\R5T.D0025\source\R5T.D0025.Default\R5T.D0025.Default.csproj", "{CC477134-8153-444E-BDC7-EF4EFB0B19D0}"
EndProject
Global
	GlobalSection(SolutionConfigurationPlatforms) = preSolution
		Debug|Any CPU = Debug|Any CPU
		Debug|x64 = Debug|x64
		Debug|x86 = Debug|x86
		Release|Any CPU = Release|Any CPU
		Release|x64 = Release|x64
		Release|x86 = Release|x86
	EndGlobalSection
	GlobalSection(ProjectConfigurationPlatforms) = postSolution
		{B1294B85-E9F1-486D-BF8D-C16281822FA4}.Debug|Any CPU.ActiveCfg = Debug|Any CPU
		{B1294B85-E9F1-486D-BF8D-C16281822FA4}.Debug|Any CPU.Build.0 = Debug|Any CPU
		{B1294B85-E9F1-486D-BF8D-C16281822FA4}.Debug|x64.ActiveCfg = Debug|Any CPU
		{B1294B85-E9F1-486D-BF8D-C16281822FA4}.Debug|x64.Build.0 = Debug|Any CPU
		{B1294B85-E9F1-486D-BF8D-C16281822FA4}.Debug|x86.ActiveCfg = Debug|Any CPU
		{B1294B85-E9F1-486D-BF8D-C16281822FA4}.Debug|x86.Build.0 = Debug|Any CPU
		{B1294B85-E9F1-486D-BF8D-C16281822FA4}.Release|Any CPU.ActiveCfg = Release|Any CPU
		{B1294B85-E9F1-486D-BF8D-C16281822FA4}.Release|Any CPU.Build.0 = Release|Any CPU
		{B1294B85-E9F1-486D-BF8D-C16281822FA4}.Release|x64.ActiveCfg = Release|Any CPU
		{B1294B85-E9F1-486D-BF8D-C16281822FA4}.Release|x64.Build.0 = Release|Any CPU
		{B1294B85-E9F1-486D-BF8D-C16281822FA4}.Release|x86.ActiveCfg = Release|Any CPU
		{B1294B85-E9F1-486D-BF8D-C16281822FA4}.Release|x86.Build.0 = Release|Any CPU
		{0DAE183D-9AEC-455F-8A92-6B702EB81521}.Debug|Any CPU.ActiveCfg = Debug|Any CPU
		{0DAE183D-9AEC-455F-8A92-6B702EB81521}.Debug|Any CPU.Build.0 = Debug|Any CPU
		{0DAE183D-9AEC-455F-8A92-6B702EB81521}.Debug|x64.ActiveCfg = Debug|Any CPU
		{0DAE183D-9AEC-455F-8A92-6B702EB81521}.Debug|x64.Build.0 = Debug|Any CPU
		{0DAE183D-9AEC-455F-8A92-6B702EB81521}.Debug|x86.ActiveCfg = Debug|Any CPU
		{0DAE183D-9AEC-455F-8A92-6B702EB81521}.Debug|x86.Build.0 = Debug|Any CPU
		{0DAE183D-9AEC-455F-8A92-6B702EB81521}.Release|Any CPU.ActiveCfg = Release|Any CPU
		{0DAE183D-9AEC-455F-8A92-6B702EB81521}.Release|Any CPU.Build.0 = Release|Any CPU
		{0DAE183D-9AEC-455F-8A92-6B702EB81521}.Release|x64.ActiveCfg = Release|Any CPU
		{0DAE183D-9AEC-455F-8A92-6B702EB81521}.Release|x64.Build.0 = Release|Any CPU
		{0DAE183D-9AEC-455F-8A92-6B702EB81521}.Release|x86.ActiveCfg = Release|Any CPU
		{0DAE183D-9AEC-455F-8A92-6B702EB81521}.Release|x86.Build.0 = Release|Any CPU
		{821125E9-486C-49CF-8E9A-50D92C9D825B}.Debug|Any CPU.ActiveCfg = Debug|Any CPU
		{821125E9-486C-49CF-8E9A-50D92C9D825B}.Debug|Any CPU.Build.0 = Debug|Any CPU
		{821125E9-486C-49CF-8E9A-50D92C9D825B}.Debug|x64.ActiveCfg = Debug|Any CPU
		{821125E9-486C-49CF-8E9A-50D92C9D825B}.Debug|x64.Build.0 = Debug|Any CPU
		{821125E9-486C-49CF-8E9A-50D92C9D825B}.Debug|x86.ActiveCfg = Debug|Any CPU
		{821125E9-486C-49CF-8E9A-50D92C9D825B}.Debug|x86.Build.0 = Debug|Any CPU
		{821125E9-486C-49CF-8E9A-50D92C9D825B}.Release|Any CPU.ActiveCfg = Release|Any CPU
		{821125E9-486C-49CF-8E9A-50D92C9D825B}.Release|Any CPU.Build.0 = Release|Any CPU
		{821125E9-486C-49CF-8E9A-50D92C9D825B}.Release|x64.ActiveCfg = Release|Any CPU
		{821125E9-486C-49CF-8E9A-50D92C9D825B}.Release|x64.Build.0 = Release|Any CPU
		{821125E9-486C-49CF-8E9A-50D92C9D825B}.Release|x86.ActiveCfg = Release|Any CPU
		{821125E9-486C-49CF-8E9A-50D92C9D825B}.Release|x86.Build.0 = Release|Any CPU
		{3B6DFB80-50FF-4641-9F9C-58AADAB25C33}.Debug|Any CPU.ActiveCfg = Debug|Any CPU
		{3B6DFB80-50FF-4641-9F9C-58AADAB25C33}.Debug|Any CPU.Build.0 = Debug|Any CPU
		{3B6DFB80-50FF-4641-9F9C-58AADAB25C33}.Debug|x64.ActiveCfg = Debug|Any CPU
		{3B6DFB80-50FF-4641-9F9C-58AADAB25C33}.Debug|x64.Build.0 = Debug|Any CPU
		{3B6DFB80-50FF-4641-9F9C-58AADAB25C33}.Debug|x86.ActiveCfg = Debug|Any CPU
		{3B6DFB80-50FF-4641-9F9C-58AADAB25C33}.Debug|x86.Build.0 = Debug|Any CPU
		{3B6DFB80-50FF-4641-9F9C-58AADAB25C33}.Release|Any CPU.ActiveCfg = Release|Any CPU
		{3B6DFB80-50FF-4641-9F9C-58AADAB25C33}.Release|Any CPU.Build.0 = Release|Any CPU
		{3B6DFB80-50FF-4641-9F9C-58AADAB25C33}.Release|x64.ActiveCfg = Release|Any CPU
		{3B6DFB80-50FF-4641-9F9C-58AADAB25C33}.Release|x64.Build.0 = Release|Any CPU
		{3B6DFB80-50FF-4641-9F9C-58AADAB25C33}.Release|x86.ActiveCfg = Release|Any CPU
		{3B6DFB80-50FF-4641-9F9C-58AADAB25C33}.Release|x86.Build.0 = Release|Any CPU
		{5627DCD8-0781-4462-AB6D-A82357E2D749}.Debug|Any CPU.ActiveCfg = Debug|Any CPU
		{5627DCD8-0781-4462-AB6D-A82357E2D749}.Debug|Any CPU.Build.0 = Debug|Any CPU
		{5627DCD8-0781-4462-AB6D-A82357E2D749}.Debug|x64.ActiveCfg = Debug|Any CPU
		{5627DCD8-0781-4462-AB6D-A82357E2D749}.Debug|x64.Build.0 = Debug|Any CPU
		{5627DCD8-0781-4462-AB6D-A82357E2D749}.Debug|x86.ActiveCfg = Debug|Any CPU
		{5627DCD8-0781-4462-AB6D-A82357E2D749}.Debug|x86.Build.0 = Debug|Any CPU
		{5627DCD8-0781-4462-AB6D-A82357E2D749}.Release|Any CPU.ActiveCfg = Release|Any CPU
		{5627DCD8-0781-4462-AB6D-A82357E2D749}.Release|Any CPU.Build.0 = Release|Any CPU
		{5627DCD8-0781-4462-AB6D-A82357E2D749}.Release|x64.ActiveCfg = Release|Any CPU
		{5627DCD8-0781-4462-AB6D-A82357E2D749}.Release|x64.Build.0 = Release|Any CPU
		{5627DCD8-0781-4462-AB6D-A82357E2D749}.Release|x86.ActiveCfg = Release|Any CPU
		{5627DCD8-0781-4462-AB6D-A82357E2D749}.Release|x86.Build.0 = Release|Any CPU
		{BA3EBA4F-5926-4423-8791-06521E105882}.Debug|Any CPU.ActiveCfg = Debug|Any CPU
		{BA3EBA4F-5926-4423-8791-06521E105882}.Debug|Any CPU.Build.0 = Debug|Any CPU
		{BA3EBA4F-5926-4423-8791-06521E105882}.Debug|x64.ActiveCfg = Debug|Any CPU
		{BA3EBA4F-5926-4423-8791-06521E105882}.Debug|x64.Build.0 = Debug|Any CPU
		{BA3EBA4F-5926-4423-8791-06521E105882}.Debug|x86.ActiveCfg = Debug|Any CPU
		{BA3EBA4F-5926-4423-8791-06521E105882}.Debug|x86.Build.0 = Debug|Any CPU
		{BA3EBA4F-5926-4423-8791-06521E105882}.Release|Any CPU.ActiveCfg = Release|Any CPU
		{BA3EBA4F-5926-4423-8791-06521E105882}.Release|Any CPU.Build.0 = Release|Any CPU
		{BA3EBA4F-5926-4423-8791-06521E105882}.Release|x64.ActiveCfg = Release|Any CPU
		{BA3EBA4F-5926-4423-8791-06521E105882}.Release|x64.Build.0 = Release|Any CPU
		{BA3EBA4F-5926-4423-8791-06521E105882}.Release|x86.ActiveCfg = Release|Any CPU
		{BA3EBA4F-5926-4423-8791-06521E105882}.Release|x86.Build.0 = Release|Any CPU
		{274E564B-51AC-4561-9251-A43D48AFB79E}.Debug|Any CPU.ActiveCfg = Debug|Any CPU
		{274E564B-51AC-4561-9251-A43D48AFB79E}.Debug|Any CPU.Build.0 = Debug|Any CPU
		{274E564B-51AC-4561-9251-A43D48AFB79E}.Debug|x64.ActiveCfg = Debug|Any CPU
		{274E564B-51AC-4561-9251-A43D48AFB79E}.Debug|x64.Build.0 = Debug|Any CPU
		{274E564B-51AC-4561-9251-A43D48AFB79E}.Debug|x86.ActiveCfg = Debug|Any CPU
		{274E564B-51AC-4561-9251-A43D48AFB79E}.Debug|x86.Build.0 = Debug|Any CPU
		{274E564B-51AC-4561-9251-A43D48AFB79E}.Release|Any CPU.ActiveCfg = Release|Any CPU
		{274E564B-51AC-4561-9251-A43D48AFB79E}.Release|Any CPU.Build.0 = Release|Any CPU
		{274E564B-51AC-4561-9251-A43D48AFB79E}.Release|x64.ActiveCfg = Release|Any CPU
		{274E564B-51AC-4561-9251-A43D48AFB79E}.Release|x64.Build.0 = Release|Any CPU
		{274E564B-51AC-4561-9251-A43D48AFB79E}.Release|x86.ActiveCfg = Release|Any CPU
		{274E564B-51AC-4561-9251-A43D48AFB79E}.Release|x86.Build.0 = Release|Any CPU
		{D0CCE076-03DB-4AC3-B3D1-D60D06F5EEDC}.Debug|Any CPU.ActiveCfg = Debug|Any CPU
		{D0CCE076-03DB-4AC3-B3D1-D60D06F5EEDC}.Debug|Any CPU.Build.0 = Debug|Any CPU
		{D0CCE076-03DB-4AC3-B3D1-D60D06F5EEDC}.Debug|x64.ActiveCfg = Debug|Any CPU
		{D0CCE076-03DB-4AC3-B3D1-D60D06F5EEDC}.Debug|x64.Build.0 = Debug|Any CPU
		{D0CCE076-03DB-4AC3-B3D1-D60D06F5EEDC}.Debug|x86.ActiveCfg = Debug|Any CPU
		{D0CCE076-03DB-4AC3-B3D1-D60D06F5EEDC}.Debug|x86.Build.0 = Debug|Any CPU
		{D0CCE076-03DB-4AC3-B3D1-D60D06F5EEDC}.Release|Any CPU.ActiveCfg = Release|Any CPU
		{D0CCE076-03DB-4AC3-B3D1-D60D06F5EEDC}.Release|Any CPU.Build.0 = Release|Any CPU
		{D0CCE076-03DB-4AC3-B3D1-D60D06F5EEDC}.Release|x64.ActiveCfg = Release|Any CPU
		{D0CCE076-03DB-4AC3-B3D1-D60D06F5EEDC}.Release|x64.Build.0 = Release|Any CPU
		{D0CCE076-03DB-4AC3-B3D1-D60D06F5EEDC}.Release|x86.ActiveCfg = Release|Any CPU
		{D0CCE076-03DB-4AC3-B3D1-D60D06F5EEDC}.Release|x86.Build.0 = Release|Any CPU
		{22EA352F-EEBA-4E12-8846-057CB8B5DAFA}.Debug|Any CPU.ActiveCfg = Debug|Any CPU
		{22EA352F-EEBA-4E12-8846-057CB8B5DAFA}.Debug|Any CPU.Build.0 = Debug|Any CPU
		{22EA352F-EEBA-4E12-8846-057CB8B5DAFA}.Debug|x64.ActiveCfg = Debug|Any CPU
		{22EA352F-EEBA-4E12-8846-057CB8B5DAFA}.Debug|x64.Build.0 = Debug|Any CPU
		{22EA352F-EEBA-4E12-8846-057CB8B5DAFA}.Debug|x86.ActiveCfg = Debug|Any CPU
		{22EA352F-EEBA-4E12-8846-057CB8B5DAFA}.Debug|x86.Build.0 = Debug|Any CPU
		{22EA352F-EEBA-4E12-8846-057CB8B5DAFA}.Release|Any CPU.ActiveCfg = Release|Any CPU
		{22EA352F-EEBA-4E12-8846-057CB8B5DAFA}.Release|Any CPU.Build.0 = Release|Any CPU
		{22EA352F-EEBA-4E12-8846-057CB8B5DAFA}.Release|x64.ActiveCfg = Release|Any CPU
		{22EA352F-EEBA-4E12-8846-057CB8B5DAFA}.Release|x64.Build.0 = Release|Any CPU
		{22EA352F-EEBA-4E12-8846-057CB8B5DAFA}.Release|x86.ActiveCfg = Release|Any CPU
		{22EA352F-EEBA-4E12-8846-057CB8B5DAFA}.Release|x86.Build.0 = Release|Any CPU
		{582D69FD-EF13-4F9B-BF5B-30938C970D91}.Debug|Any CPU.ActiveCfg = Debug|Any CPU
		{582D69FD-EF13-4F9B-BF5B-30938C970D91}.Debug|Any CPU.Build.0 = Debug|Any CPU
		{582D69FD-EF13-4F9B-BF5B-30938C970D91}.Debug|x64.ActiveCfg = Debug|Any CPU
		{582D69FD-EF13-4F9B-BF5B-30938C970D91}.Debug|x64.Build.0 = Debug|Any CPU
		{582D69FD-EF13-4F9B-BF5B-30938C970D91}.Debug|x86.ActiveCfg = Debug|Any CPU
		{582D69FD-EF13-4F9B-BF5B-30938C970D91}.Debug|x86.Build.0 = Debug|Any CPU
		{582D69FD-EF13-4F9B-BF5B-30938C970D91}.Release|Any CPU.ActiveCfg = Release|Any CPU
		{582D69FD-EF13-4F9B-BF5B-30938C970D91}.Release|Any CPU.Build.0 = Release|Any CPU
		{582D69FD-EF13-4F9B-BF5B-30938C970D91}.Release|x64.ActiveCfg = Release|Any CPU
		{582D69FD-EF13-4F9B-BF5B-30938C970D91}.Release|x64.Build.0 = Release|Any CPU
		{582D69FD-EF13-4F9B-BF5B-30938C970D91}.Release|x86.ActiveCfg = Release|Any CPU
		{582D69FD-EF13-4F9B-BF5B-30938C970D91}.Release|x86.Build.0 = Release|Any CPU
		{42DF8A91-C99C-41AB-B74A-9CBFC99A60DB}.Debug|Any CPU.ActiveCfg = Debug|Any CPU
		{42DF8A91-C99C-41AB-B74A-9CBFC99A60DB}.Debug|Any CPU.Build.0 = Debug|Any CPU
		{42DF8A91-C99C-41AB-B74A-9CBFC99A60DB}.Debug|x64.ActiveCfg = Debug|Any CPU
		{42DF8A91-C99C-41AB-B74A-9CBFC99A60DB}.Debug|x64.Build.0 = Debug|Any CPU
		{42DF8A91-C99C-41AB-B74A-9CBFC99A60DB}.Debug|x86.ActiveCfg = Debug|Any CPU
		{42DF8A91-C99C-41AB-B74A-9CBFC99A60DB}.Debug|x86.Build.0 = Debug|Any CPU
		{42DF8A91-C99C-41AB-B74A-9CBFC99A60DB}.Release|Any CPU.ActiveCfg = Release|Any CPU
		{42DF8A91-C99C-41AB-B74A-9CBFC99A60DB}.Release|Any CPU.Build.0 = Release|Any CPU
		{42DF8A91-C99C-41AB-B74A-9CBFC99A60DB}.Release|x64.ActiveCfg = Release|Any CPU
		{42DF8A91-C99C-41AB-B74A-9CBFC99A60DB}.Release|x64.Build.0 = Release|Any CPU
		{42DF8A91-C99C-41AB-B74A-9CBFC99A60DB}.Release|x86.ActiveCfg = Release|Any CPU
		{42DF8A91-C99C-41AB-B74A-9CBFC99A60DB}.Release|x86.Build.0 = Release|Any CPU
		{CC477134-8153-444E-BDC7-EF4EFB0B19D0}.Debug|Any CPU.ActiveCfg = Debug|Any CPU
		{CC477134-8153-444E-BDC7-EF4EFB0B19D0}.Debug|Any CPU.Build.0 = Debug|Any CPU
		{CC477134-8153-444E-BDC7-EF4EFB0B19D0}.Debug|x64.ActiveCfg = Debug|Any CPU
		{CC477134-8153-444E-BDC7-EF4EFB0B19D0}.Debug|x64.Build.0 = Debug|Any CPU
		{CC477134-8153-444E-BDC7-EF4EFB0B19D0}.Debug|x86.ActiveCfg = Debug|Any CPU
		{CC477134-8153-444E-BDC7-EF4EFB0B19D0}.Debug|x86.Build.0 = Debug|Any CPU
		{CC477134-8153-444E-BDC7-EF4EFB0B19D0}.Release|Any CPU.ActiveCfg = Release|Any CPU
		{CC477134-8153-444E-BDC7-EF4EFB0B19D0}.Release|Any CPU.Build.0 = Release|Any CPU
		{CC477134-8153-444E-BDC7-EF4EFB0B19D0}.Release|x64.ActiveCfg = Release|Any CPU
		{CC477134-8153-444E-BDC7-EF4EFB0B19D0}.Release|x64.Build.0 = Release|Any CPU
		{CC477134-8153-444E-BDC7-EF4EFB0B19D0}.Release|x86.ActiveCfg = Release|Any CPU
		{CC477134-8153-444E-BDC7-EF4EFB0B19D0}.Release|x86.Build.0 = Release|Any CPU
	EndGlobalSection
	GlobalSection(SolutionProperties) = preSolution
		HideSolutionNode = FALSE
	EndGlobalSection
	GlobalSection(NestedProjects) = preSolution
		{5627DCD8-0781-4462-AB6D-A82357E2D749} = {5E03A4AB-9C60-421B-9437-231D14F87814}
		{BA3EBA4F-5926-4423-8791-06521E105882} = {5E03A4AB-9C60-421B-9437-231D14F87814}
		{274E564B-51AC-4561-9251-A43D48AFB79E} = {5E03A4AB-9C60-421B-9437-231D14F87814}
		{D0CCE076-03DB-4AC3-B3D1-D60D06F5EEDC} = {5E03A4AB-9C60-421B-9437-231D14F87814}
		{582D69FD-EF13-4F9B-BF5B-30938C970D91} = {5E03A4AB-9C60-421B-9437-231D14F87814}
		{42DF8A91-C99C-41AB-B74A-9CBFC99A60DB} = {5E03A4AB-9C60-421B-9437-231D14F87814}
		{CC477134-8153-444E-BDC7-EF4EFB0B19D0} = {5E03A4AB-9C60-421B-9437-231D14F87814}
	EndGlobalSection
	GlobalSection(ExtensibilityGlobals) = postSolution
		SolutionGuid = {9D2DAF66-9895-4688-8D7D-CBD73CDB8E12}
	EndGlobalSection
EndGlobal
